
Microsoft Visual Studio Solution File, Format Version 12.00
# Visual Studio Version 16
VisualStudioVersion = 16.0.29905.134
MinimumVisualStudioVersion = 15.0.26124.0
Project("{2150E333-8FDC-42A3-9474-1A3956D46DE8}") = "src", "src", "{963C09C0-8E9B-48F9-AB88-6C9052919C89}"
EndProject
Project("{6EC3EE1D-3C4E-46DD-8F32-0CC8E7565705}") = "CommonCartridge.Core.Lib", "src\CommonCartridge.Core.Lib\CommonCartridge.Core.Lib.fsproj", "{C608ECFF-9ED9-412F-8F03-341C231D7AB5}"
EndProject
Project("{2150E333-8FDC-42A3-9474-1A3956D46DE8}") = "tests", "tests", "{E24F552E-1AAD-4C8A-9CD0-B030B4400E2E}"
EndProject
Project("{6EC3EE1D-3C4E-46DD-8F32-0CC8E7565705}") = "CommonCartridge.Core.Lib.Tests", "tests\CommonCartridge.Core.Lib.Tests\CommonCartridge.Core.Lib.Tests.fsproj", "{CB3F544C-F7D6-4366-859E-B1A548C49B76}"
EndProject
Project("{6EC3EE1D-3C4E-46DD-8F32-0CC8E7565705}") = "CommonCartridge.Word.Lib", "src\CommonCartridge.Word.Lib\CommonCartridge.Word.Lib.fsproj", "{8403E45D-ACCB-4894-A26A-CAC66923609A}"
EndProject
Project("{6EC3EE1D-3C4E-46DD-8F32-0CC8E7565705}") = "CommonCartridge.Word.Lib.Tests", "tests\CommonCartridge.Word.Lib.Tests\CommonCartridge.Word.Lib.Tests.fsproj", "{11F2F992-0014-45EA-B26B-C6C14269739C}"
EndProject
Project("{6EC3EE1D-3C4E-46DD-8F32-0CC8E7565705}") = "CommonCartridge.Word.Cmd", "src\CommonCartridge.Word.Cmd\CommonCartridge.Word.Cmd.fsproj", "{7BC628D3-9919-486B-824B-B8FBDF815961}"
EndProject
Project("{6EC3EE1D-3C4E-46DD-8F32-0CC8E7565705}") = "CommonCartridge.Word.Cmd.Tests", "tests\CommonCartridge.Word.Cmd.Tests\CommonCartridge.Word.Cmd.Tests.fsproj", "{BEA8A1FF-0A19-4E79-BB7E-3DAAD61A0A53}"
EndProject
Global
	GlobalSection(SolutionConfigurationPlatforms) = preSolution
		Debug|Any CPU = Debug|Any CPU
		Debug|x64 = Debug|x64
		Debug|x86 = Debug|x86
		Release|Any CPU = Release|Any CPU
		Release|x64 = Release|x64
		Release|x86 = Release|x86
	EndGlobalSection
	GlobalSection(ProjectConfigurationPlatforms) = postSolution
		{C608ECFF-9ED9-412F-8F03-341C231D7AB5}.Debug|Any CPU.ActiveCfg = Debug|Any CPU
		{C608ECFF-9ED9-412F-8F03-341C231D7AB5}.Debug|Any CPU.Build.0 = Debug|Any CPU
		{C608ECFF-9ED9-412F-8F03-341C231D7AB5}.Debug|x64.ActiveCfg = Debug|Any CPU
		{C608ECFF-9ED9-412F-8F03-341C231D7AB5}.Debug|x64.Build.0 = Debug|Any CPU
		{C608ECFF-9ED9-412F-8F03-341C231D7AB5}.Debug|x86.ActiveCfg = Debug|Any CPU
		{C608ECFF-9ED9-412F-8F03-341C231D7AB5}.Debug|x86.Build.0 = Debug|Any CPU
		{C608ECFF-9ED9-412F-8F03-341C231D7AB5}.Release|Any CPU.ActiveCfg = Release|Any CPU
		{C608ECFF-9ED9-412F-8F03-341C231D7AB5}.Release|Any CPU.Build.0 = Release|Any CPU
		{C608ECFF-9ED9-412F-8F03-341C231D7AB5}.Release|x64.ActiveCfg = Release|Any CPU
		{C608ECFF-9ED9-412F-8F03-341C231D7AB5}.Release|x64.Build.0 = Release|Any CPU
		{C608ECFF-9ED9-412F-8F03-341C231D7AB5}.Release|x86.ActiveCfg = Release|Any CPU
		{C608ECFF-9ED9-412F-8F03-341C231D7AB5}.Release|x86.Build.0 = Release|Any CPU
		{CB3F544C-F7D6-4366-859E-B1A548C49B76}.Debug|Any CPU.ActiveCfg = Debug|Any CPU
		{CB3F544C-F7D6-4366-859E-B1A548C49B76}.Debug|Any CPU.Build.0 = Debug|Any CPU
		{CB3F544C-F7D6-4366-859E-B1A548C49B76}.Debug|x64.ActiveCfg = Debug|Any CPU
		{CB3F544C-F7D6-4366-859E-B1A548C49B76}.Debug|x64.Build.0 = Debug|Any CPU
		{CB3F544C-F7D6-4366-859E-B1A548C49B76}.Debug|x86.ActiveCfg = Debug|Any CPU
		{CB3F544C-F7D6-4366-859E-B1A548C49B76}.Debug|x86.Build.0 = Debug|Any CPU
		{CB3F544C-F7D6-4366-859E-B1A548C49B76}.Release|Any CPU.ActiveCfg = Release|Any CPU
		{CB3F544C-F7D6-4366-859E-B1A548C49B76}.Release|Any CPU.Build.0 = Release|Any CPU
		{CB3F544C-F7D6-4366-859E-B1A548C49B76}.Release|x64.ActiveCfg = Release|Any CPU
		{CB3F544C-F7D6-4366-859E-B1A548C49B76}.Release|x64.Build.0 = Release|Any CPU
		{CB3F544C-F7D6-4366-859E-B1A548C49B76}.Release|x86.ActiveCfg = Release|Any CPU
		{CB3F544C-F7D6-4366-859E-B1A548C49B76}.Release|x86.Build.0 = Release|Any CPU
		{8403E45D-ACCB-4894-A26A-CAC66923609A}.Debug|Any CPU.ActiveCfg = Debug|Any CPU
		{8403E45D-ACCB-4894-A26A-CAC66923609A}.Debug|Any CPU.Build.0 = Debug|Any CPU
		{8403E45D-ACCB-4894-A26A-CAC66923609A}.Debug|x64.ActiveCfg = Debug|Any CPU
		{8403E45D-ACCB-4894-A26A-CAC66923609A}.Debug|x64.Build.0 = Debug|Any CPU
		{8403E45D-ACCB-4894-A26A-CAC66923609A}.Debug|x86.ActiveCfg = Debug|Any CPU
		{8403E45D-ACCB-4894-A26A-CAC66923609A}.Debug|x86.Build.0 = Debug|Any CPU
		{8403E45D-ACCB-4894-A26A-CAC66923609A}.Release|Any CPU.ActiveCfg = Release|Any CPU
		{8403E45D-ACCB-4894-A26A-CAC66923609A}.Release|Any CPU.Build.0 = Release|Any CPU
		{8403E45D-ACCB-4894-A26A-CAC66923609A}.Release|x64.ActiveCfg = Release|Any CPU
		{8403E45D-ACCB-4894-A26A-CAC66923609A}.Release|x64.Build.0 = Release|Any CPU
		{8403E45D-ACCB-4894-A26A-CAC66923609A}.Release|x86.ActiveCfg = Release|Any CPU
		{8403E45D-ACCB-4894-A26A-CAC66923609A}.Release|x86.Build.0 = Release|Any CPU
		{11F2F992-0014-45EA-B26B-C6C14269739C}.Debug|Any CPU.ActiveCfg = Debug|Any CPU
		{11F2F992-0014-45EA-B26B-C6C14269739C}.Debug|Any CPU.Build.0 = Debug|Any CPU
		{11F2F992-0014-45EA-B26B-C6C14269739C}.Debug|x64.ActiveCfg = Debug|Any CPU
		{11F2F992-0014-45EA-B26B-C6C14269739C}.Debug|x64.Build.0 = Debug|Any CPU
		{11F2F992-0014-45EA-B26B-C6C14269739C}.Debug|x86.ActiveCfg = Debug|Any CPU
		{11F2F992-0014-45EA-B26B-C6C14269739C}.Debug|x86.Build.0 = Debug|Any CPU
		{11F2F992-0014-45EA-B26B-C6C14269739C}.Release|Any CPU.ActiveCfg = Release|Any CPU
		{11F2F992-0014-45EA-B26B-C6C14269739C}.Release|Any CPU.Build.0 = Release|Any CPU
		{11F2F992-0014-45EA-B26B-C6C14269739C}.Release|x64.ActiveCfg = Release|Any CPU
		{11F2F992-0014-45EA-B26B-C6C14269739C}.Release|x64.Build.0 = Release|Any CPU
		{11F2F992-0014-45EA-B26B-C6C14269739C}.Release|x86.ActiveCfg = Release|Any CPU
		{11F2F992-0014-45EA-B26B-C6C14269739C}.Release|x86.Build.0 = Release|Any CPU
		{7BC628D3-9919-486B-824B-B8FBDF815961}.Debug|Any CPU.ActiveCfg = Debug|Any CPU
		{7BC628D3-9919-486B-824B-B8FBDF815961}.Debug|Any CPU.Build.0 = Debug|Any CPU
		{7BC628D3-9919-486B-824B-B8FBDF815961}.Debug|x64.ActiveCfg = Debug|Any CPU
		{7BC628D3-9919-486B-824B-B8FBDF815961}.Debug|x64.Build.0 = Debug|Any CPU
		{7BC628D3-9919-486B-824B-B8FBDF815961}.Debug|x86.ActiveCfg = Debug|Any CPU
		{7BC628D3-9919-486B-824B-B8FBDF815961}.Debug|x86.Build.0 = Debug|Any CPU
		{7BC628D3-9919-486B-824B-B8FBDF815961}.Release|Any CPU.ActiveCfg = Release|Any CPU
		{7BC628D3-9919-486B-824B-B8FBDF815961}.Release|Any CPU.Build.0 = Release|Any CPU
		{7BC628D3-9919-486B-824B-B8FBDF815961}.Release|x64.ActiveCfg = Release|Any CPU
		{7BC628D3-9919-486B-824B-B8FBDF815961}.Release|x64.Build.0 = Release|Any CPU
		{7BC628D3-9919-486B-824B-B8FBDF815961}.Release|x86.ActiveCfg = Release|Any CPU
		{7BC628D3-9919-486B-824B-B8FBDF815961}.Release|x86.Build.0 = Release|Any CPU
		{BEA8A1FF-0A19-4E79-BB7E-3DAAD61A0A53}.Debug|Any CPU.ActiveCfg = Debug|Any CPU
		{BEA8A1FF-0A19-4E79-BB7E-3DAAD61A0A53}.Debug|Any CPU.Build.0 = Debug|Any CPU
		{BEA8A1FF-0A19-4E79-BB7E-3DAAD61A0A53}.Debug|x64.ActiveCfg = Debug|Any CPU
		{BEA8A1FF-0A19-4E79-BB7E-3DAAD61A0A53}.Debug|x64.Build.0 = Debug|Any CPU
		{BEA8A1FF-0A19-4E79-BB7E-3DAAD61A0A53}.Debug|x86.ActiveCfg = Debug|Any CPU
		{BEA8A1FF-0A19-4E79-BB7E-3DAAD61A0A53}.Debug|x86.Build.0 = Debug|Any CPU
		{BEA8A1FF-0A19-4E79-BB7E-3DAAD61A0A53}.Release|Any CPU.ActiveCfg = Release|Any CPU
		{BEA8A1FF-0A19-4E79-BB7E-3DAAD61A0A53}.Release|Any CPU.Build.0 = Release|Any CPU
		{BEA8A1FF-0A19-4E79-BB7E-3DAAD61A0A53}.Release|x64.ActiveCfg = Release|Any CPU
		{BEA8A1FF-0A19-4E79-BB7E-3DAAD61A0A53}.Release|x64.Build.0 = Release|Any CPU
		{BEA8A1FF-0A19-4E79-BB7E-3DAAD61A0A53}.Release|x86.ActiveCfg = Release|Any CPU
		{BEA8A1FF-0A19-4E79-BB7E-3DAAD61A0A53}.Release|x86.Build.0 = Release|Any CPU
	EndGlobalSection
	GlobalSection(SolutionProperties) = preSolution
		HideSolutionNode = FALSE
	EndGlobalSection
	GlobalSection(NestedProjects) = preSolution
		{C608ECFF-9ED9-412F-8F03-341C231D7AB5} = {963C09C0-8E9B-48F9-AB88-6C9052919C89}
		{CB3F544C-F7D6-4366-859E-B1A548C49B76} = {E24F552E-1AAD-4C8A-9CD0-B030B4400E2E}
		{8403E45D-ACCB-4894-A26A-CAC66923609A} = {963C09C0-8E9B-48F9-AB88-6C9052919C89}
		{11F2F992-0014-45EA-B26B-C6C14269739C} = {E24F552E-1AAD-4C8A-9CD0-B030B4400E2E}
		{7BC628D3-9919-486B-824B-B8FBDF815961} = {963C09C0-8E9B-48F9-AB88-6C9052919C89}
		{BEA8A1FF-0A19-4E79-BB7E-3DAAD61A0A53} = {E24F552E-1AAD-4C8A-9CD0-B030B4400E2E}
	EndGlobalSection
	GlobalSection(ExtensibilityGlobals) = postSolution
		SolutionGuid = {73B55779-1A9B-407F-AA5A-2D7750A1C636}
	EndGlobalSection
EndGlobal
